
Microsoft Visual Studio Solution File, Format Version 12.00
# Visual Studio Version 16
VisualStudioVersion = 16.0.30413.136
MinimumVisualStudioVersion = 10.0.40219.1
Project("{9A19103F-16F7-4668-BE54-9A1E7A4F7556}") = "Lommeregner", "Lommeregner\Lommeregner.csproj", "{1B875C05-125F-4F71-8ED5-3550B7BA627D}"
EndProject
Project("{9A19103F-16F7-4668-BE54-9A1E7A4F7556}") = "Lommeregner.Unit.Test", "Lommeregner.Unit.Test\Lommeregner.Unit.Test.csproj", "{33DF4B25-9D92-4937-9609-A1058D63B6C9}"
EndProject
Global
	GlobalSection(SolutionConfigurationPlatforms) = preSolution
		Debug|Any CPU = Debug|Any CPU
		Release|Any CPU = Release|Any CPU
	EndGlobalSection
	GlobalSection(ProjectConfigurationPlatforms) = postSolution
		{1B875C05-125F-4F71-8ED5-3550B7BA627D}.Debug|Any CPU.ActiveCfg = Debug|Any CPU
		{1B875C05-125F-4F71-8ED5-3550B7BA627D}.Debug|Any CPU.Build.0 = Debug|Any CPU
		{1B875C05-125F-4F71-8ED5-3550B7BA627D}.Release|Any CPU.ActiveCfg = Release|Any CPU
		{1B875C05-125F-4F71-8ED5-3550B7BA627D}.Release|Any CPU.Build.0 = Release|Any CPU
		{33DF4B25-9D92-4937-9609-A1058D63B6C9}.Debug|Any CPU.ActiveCfg = Debug|Any CPU
		{33DF4B25-9D92-4937-9609-A1058D63B6C9}.Debug|Any CPU.Build.0 = Debug|Any CPU
		{33DF4B25-9D92-4937-9609-A1058D63B6C9}.Release|Any CPU.ActiveCfg = Release|Any CPU
		{33DF4B25-9D92-4937-9609-A1058D63B6C9}.Release|Any CPU.Build.0 = Release|Any CPU
	EndGlobalSection
	GlobalSection(SolutionProperties) = preSolution
		HideSolutionNode = FALSE
	EndGlobalSection
	GlobalSection(ExtensibilityGlobals) = postSolution
		SolutionGuid = {94FD4EDE-2E9B-4360-9C99-7E215272A7E2}
	EndGlobalSection
EndGlobal
